
Microsoft Visual Studio Solution File, Format Version 12.00
# Visual Studio Version 16
VisualStudioVersion = 16.0.30225.117
MinimumVisualStudioVersion = 10.0.40219.1
Project("{FAE04EC0-301F-11D3-BF4B-00C04F79EFBC}") = "Presupuestos", "Presupuestos.csproj", "{A0153CD9-9A41-4C57-8AF0-66E62CE9B671}"
EndProject
Global
	GlobalSection(SolutionConfigurationPlatforms) = preSolution
		Debug|Any CPU = Debug|Any CPU
		Release|Any CPU = Release|Any CPU
	EndGlobalSection
	GlobalSection(ProjectConfigurationPlatforms) = postSolution
		{A0153CD9-9A41-4C57-8AF0-66E62CE9B671}.Debug|Any CPU.ActiveCfg = Debug|Any CPU
		{A0153CD9-9A41-4C57-8AF0-66E62CE9B671}.Debug|Any CPU.Build.0 = Debug|Any CPU
		{A0153CD9-9A41-4C57-8AF0-66E62CE9B671}.Release|Any CPU.ActiveCfg = Release|Any CPU
		{A0153CD9-9A41-4C57-8AF0-66E62CE9B671}.Release|Any CPU.Build.0 = Release|Any CPU
	EndGlobalSection
	GlobalSection(SolutionProperties) = preSolution
		HideSolutionNode = FALSE
	EndGlobalSection
	GlobalSection(ExtensibilityGlobals) = postSolution
		SolutionGuid = {62F9D471-0DCF-4923-B5BC-614A0CF63815}
	EndGlobalSection
EndGlobal
